
Microsoft Visual Studio Solution File, Format Version 12.00
# Visual Studio Version 17
VisualStudioVersion = 17.4.33103.184
MinimumVisualStudioVersion = 10.0.40219.1
Project("{FAE04EC0-301F-11D3-BF4B-00C04F79EFBC}") = "Presentation", "Presentation\Presentation.csproj", "{4D1134AD-991B-4B80-B987-0F4974B4B6B9}"
EndProject
Project("{FAE04EC0-301F-11D3-BF4B-00C04F79EFBC}") = "DataAccess", "DataAccess\DataAccess.csproj", "{1BCBEC55-EB33-4896-A9F7-AD1D5F5E2845}"
EndProject
Project("{FAE04EC0-301F-11D3-BF4B-00C04F79EFBC}") = "Entity", "Entity\Entity.csproj", "{FD623673-9FBC-4D1B-A18F-C78FD06C9B47}"
EndProject
Project("{FAE04EC0-301F-11D3-BF4B-00C04F79EFBC}") = "Business", "Business\Business.csproj", "{1A50C50C-6607-4497-BF94-3C3D6B0A966A}"
EndProject
Global
	GlobalSection(SolutionConfigurationPlatforms) = preSolution
		Debug|Any CPU = Debug|Any CPU
		Release|Any CPU = Release|Any CPU
	EndGlobalSection
	GlobalSection(ProjectConfigurationPlatforms) = postSolution
		{4D1134AD-991B-4B80-B987-0F4974B4B6B9}.Debug|Any CPU.ActiveCfg = Debug|Any CPU
		{4D1134AD-991B-4B80-B987-0F4974B4B6B9}.Debug|Any CPU.Build.0 = Debug|Any CPU
		{4D1134AD-991B-4B80-B987-0F4974B4B6B9}.Release|Any CPU.ActiveCfg = Release|Any CPU
		{4D1134AD-991B-4B80-B987-0F4974B4B6B9}.Release|Any CPU.Build.0 = Release|Any CPU
		{1BCBEC55-EB33-4896-A9F7-AD1D5F5E2845}.Debug|Any CPU.ActiveCfg = Debug|Any CPU
		{1BCBEC55-EB33-4896-A9F7-AD1D5F5E2845}.Debug|Any CPU.Build.0 = Debug|Any CPU
		{1BCBEC55-EB33-4896-A9F7-AD1D5F5E2845}.Release|Any CPU.ActiveCfg = Release|Any CPU
		{1BCBEC55-EB33-4896-A9F7-AD1D5F5E2845}.Release|Any CPU.Build.0 = Release|Any CPU
		{FD623673-9FBC-4D1B-A18F-C78FD06C9B47}.Debug|Any CPU.ActiveCfg = Debug|Any CPU
		{FD623673-9FBC-4D1B-A18F-C78FD06C9B47}.Debug|Any CPU.Build.0 = Debug|Any CPU
		{FD623673-9FBC-4D1B-A18F-C78FD06C9B47}.Release|Any CPU.ActiveCfg = Release|Any CPU
		{FD623673-9FBC-4D1B-A18F-C78FD06C9B47}.Release|Any CPU.Build.0 = Release|Any CPU
		{1A50C50C-6607-4497-BF94-3C3D6B0A966A}.Debug|Any CPU.ActiveCfg = Debug|Any CPU
		{1A50C50C-6607-4497-BF94-3C3D6B0A966A}.Debug|Any CPU.Build.0 = Debug|Any CPU
		{1A50C50C-6607-4497-BF94-3C3D6B0A966A}.Release|Any CPU.ActiveCfg = Release|Any CPU
		{1A50C50C-6607-4497-BF94-3C3D6B0A966A}.Release|Any CPU.Build.0 = Release|Any CPU
	EndGlobalSection
	GlobalSection(SolutionProperties) = preSolution
		HideSolutionNode = FALSE
	EndGlobalSection
	GlobalSection(ExtensibilityGlobals) = postSolution
		SolutionGuid = {E23EC398-AD22-4EBC-9D06-A8ADFEB55CA2}
	EndGlobalSection
EndGlobal
